
Microsoft Visual Studio Solution File, Format Version 11.00
# Visual Studio 2010
Project("{8BC9CEB8-8B4A-11D0-8D11-00A0C91BC942}") = "ScreenGrap", "ScreenGrap\ScreenGrap.vcxproj", "{1CD40E6E-5FC3-4DBC-9490-DD91C1647BEB}"
EndProject
Global
	GlobalSection(SolutionConfigurationPlatforms) = preSolution
		Debug|Win32 = Debug|Win32
		Release|Win32 = Release|Win32
	EndGlobalSection
	GlobalSection(ProjectConfigurationPlatforms) = postSolution
		{1CD40E6E-5FC3-4DBC-9490-DD91C1647BEB}.Debug|Win32.ActiveCfg = Debug|Win32
		{1CD40E6E-5FC3-4DBC-9490-DD91C1647BEB}.Debug|Win32.Build.0 = Debug|Win32
		{1CD40E6E-5FC3-4DBC-9490-DD91C1647BEB}.Release|Win32.ActiveCfg = Release|Win32
		{1CD40E6E-5FC3-4DBC-9490-DD91C1647BEB}.Release|Win32.Build.0 = Release|Win32
	EndGlobalSection
	GlobalSection(SolutionProperties) = preSolution
		HideSolutionNode = FALSE
	EndGlobalSection
EndGlobal
